
Microsoft Visual Studio Solution File, Format Version 12.00
# Visual Studio Version 16
VisualStudioVersion = 16.0.30309.148
MinimumVisualStudioVersion = 10.0.40219.1
Project("{FAE04EC0-301F-11D3-BF4B-00C04F79EFBC}") = "PredictionsSystem", "PredictionsSystem\PredictionsSystem.csproj", "{B3AF3588-EF26-40B1-B002-E4F482D8D47D}"
EndProject
Global
	GlobalSection(SolutionConfigurationPlatforms) = preSolution
		Debug|Any CPU = Debug|Any CPU
		Release|Any CPU = Release|Any CPU
	EndGlobalSection
	GlobalSection(ProjectConfigurationPlatforms) = postSolution
		{B3AF3588-EF26-40B1-B002-E4F482D8D47D}.Debug|Any CPU.ActiveCfg = Debug|Any CPU
		{B3AF3588-EF26-40B1-B002-E4F482D8D47D}.Debug|Any CPU.Build.0 = Debug|Any CPU
		{B3AF3588-EF26-40B1-B002-E4F482D8D47D}.Release|Any CPU.ActiveCfg = Release|Any CPU
		{B3AF3588-EF26-40B1-B002-E4F482D8D47D}.Release|Any CPU.Build.0 = Release|Any CPU
	EndGlobalSection
	GlobalSection(SolutionProperties) = preSolution
		HideSolutionNode = FALSE
	EndGlobalSection
	GlobalSection(ExtensibilityGlobals) = postSolution
		SolutionGuid = {5B5A91F9-D55A-4D3B-AB50-B6B393FD0351}
	EndGlobalSection
EndGlobal
